
Microsoft Visual Studio Solution File, Format Version 12.00
# Visual Studio 15
VisualStudioVersion = 15.0.28307.1000
MinimumVisualStudioVersion = 10.0.40219.1
Project("{54435603-DBB4-11D2-8724-00A0C9A8B90C}") = "Vts.Gui.Wpf.Installer", "Vts.Gui.Wpf.Installer.vdproj", "{3BFDFC47-37F6-4A98-8E29-8A154F1E27CE}"
EndProject
Project("{FAE04EC0-301F-11D3-BF4B-00C04F79EFBC}") = "Vts.Gui.Wpf", "..\Vts.Gui.Wpf\Vts.Gui.Wpf\Vts.Gui.Wpf.csproj", "{76E7AD7F-7526-48E4-A567-D678786B7CD7}"
EndProject
Global
	GlobalSection(SolutionConfigurationPlatforms) = preSolution
		Debug|Any CPU = Debug|Any CPU
		Release|Any CPU = Release|Any CPU
		WhiteList|Any CPU = WhiteList|Any CPU
	EndGlobalSection
	GlobalSection(ProjectConfigurationPlatforms) = postSolution
		{3BFDFC47-37F6-4A98-8E29-8A154F1E27CE}.Debug|Any CPU.ActiveCfg = Release
		{3BFDFC47-37F6-4A98-8E29-8A154F1E27CE}.Debug|Any CPU.Build.0 = Release
		{3BFDFC47-37F6-4A98-8E29-8A154F1E27CE}.Release|Any CPU.ActiveCfg = Release
		{3BFDFC47-37F6-4A98-8E29-8A154F1E27CE}.Release|Any CPU.Build.0 = Release
		{3BFDFC47-37F6-4A98-8E29-8A154F1E27CE}.WhiteList|Any CPU.ActiveCfg = Release
		{3BFDFC47-37F6-4A98-8E29-8A154F1E27CE}.WhiteList|Any CPU.Build.0 = Release
		{76E7AD7F-7526-48E4-A567-D678786B7CD7}.Debug|Any CPU.ActiveCfg = WhiteList|Any CPU
		{76E7AD7F-7526-48E4-A567-D678786B7CD7}.Debug|Any CPU.Build.0 = WhiteList|Any CPU
		{76E7AD7F-7526-48E4-A567-D678786B7CD7}.Release|Any CPU.ActiveCfg = Release|Any CPU
		{76E7AD7F-7526-48E4-A567-D678786B7CD7}.Release|Any CPU.Build.0 = Release|Any CPU
		{76E7AD7F-7526-48E4-A567-D678786B7CD7}.WhiteList|Any CPU.ActiveCfg = WhiteList|Any CPU
		{76E7AD7F-7526-48E4-A567-D678786B7CD7}.WhiteList|Any CPU.Build.0 = WhiteList|Any CPU
	EndGlobalSection
	GlobalSection(SolutionProperties) = preSolution
		HideSolutionNode = FALSE
	EndGlobalSection
	GlobalSection(ExtensibilityGlobals) = postSolution
		SolutionGuid = {B4ABF6DA-BC34-48DC-B569-37CC1D73758A}
	EndGlobalSection
EndGlobal
